{
  "nodes": {
    "actus-tests": {
      "flake": false,
      "locked": {
        "lastModified": 1622458452,
        "narHash": "sha256-/Rwv1d2rOfAl3EFaUi6gj4df3xbL0e8Vc5AezqspnBg=",
        "owner": "actusfrf",
        "repo": "actus-tests",
        "rev": "acfaab81a2eac8334dda0ac01edff89f3271e4df",
        "type": "github"
      },
      "original": {
        "owner": "actusfrf",
        "repo": "actus-tests",
        "type": "github"
      }
    },
    "cardano-repo-tool": {
      "flake": false,
      "locked": {
        "lastModified": 1624584417,
        "narHash": "sha256-YSepT97PagR/1jTYV/Yer8a2GjFe9+tTwaTCHxuK50M=",
        "owner": "input-output-hk",
        "repo": "cardano-repo-tool",
        "rev": "30e826ed8f00e3e154453b122a6f3d779b2f73ec",
        "type": "github"
      },
      "original": {
        "owner": "input-output-hk",
        "repo": "cardano-repo-tool",
        "type": "github"
      }
    },
    "easy-purescript-nix": {
      "flake": false,
      "locked": {
        "lastModified": 1646209831,
        "narHash": "sha256-or8Z6aMWdrqcmFA0hhjjb6FIiW14C0ruwXAqy+zYZ8g=",
        "owner": "justinwoo",
        "repo": "easy-purescript-nix",
        "rev": "aa72388ca0fb72ed64467f59a121db1f104897db",
        "type": "github"
      },
      "original": {
        "owner": "justinwoo",
        "repo": "easy-purescript-nix",
        "type": "github"
      }
    },
    "easy-purescript-nix-source": {
      "flake": false,
      "locked": {
        "lastModified": 1631961521,
        "narHash": "sha256-1yPjUdOYzw1+UGFzBXbyZqEbsM6XZu/6+v8W35qFdLo=",
        "owner": "justinwoo",
        "repo": "easy-purescript-nix",
        "rev": "d9a37c75ed361372e1545f6efbc08d819b3c28c8",
        "type": "github"
      },
      "original": {
        "owner": "justinwoo",
        "repo": "easy-purescript-nix",
        "type": "github"
      }
    },
    "flake-utils": {
      "locked": {
        "lastModified": 1620759905,
        "narHash": "sha256-WiyWawrgmyN0EdmiHyG2V+fqReiVi8bM9cRdMaKQOFg=",
        "owner": "numtide",
        "repo": "flake-utils",
        "rev": "b543720b25df6ffdfcf9227afafc5b8c1fabfae8",
        "type": "github"
      },
      "original": {
        "owner": "numtide",
        "repo": "flake-utils",
        "type": "github"
      }
    },
    "flake-utils_2": {
      "locked": {
        "lastModified": 1631561581,
        "narHash": "sha256-3VQMV5zvxaVLvqqUrNz3iJelLw30mIVSfZmAaauM3dA=",
        "owner": "numtide",
        "repo": "flake-utils",
        "rev": "7e5bf3925f6fbdfaf50a2a7ca0be2879c4261d19",
        "type": "github"
      },
      "original": {
        "owner": "numtide",
        "repo": "flake-utils",
        "type": "github"
      }
    },
    "flake-utils_3": {
      "locked": {
        "lastModified": 1619345332,
        "narHash": "sha256-qHnQkEp1uklKTpx3MvKtY6xzgcqXDsz5nLilbbuL+3A=",
        "owner": "numtide",
        "repo": "flake-utils",
        "rev": "2ebf2558e5bf978c7fb8ea927dfaed8fefab2e28",
        "type": "github"
      },
      "original": {
        "owner": "numtide",
        "repo": "flake-utils",
        "type": "github"
      }
    },
    "gitignore": {
      "inputs": {
        "nixpkgs": "nixpkgs_2"
      },
      "locked": {
        "lastModified": 1634151530,
        "narHash": "sha256-l1wnu/jSxhj6+MGurKupKkWZh3Om/6FuYc/FdSlkyRI=",
        "owner": "hercules-ci",
        "repo": "gitignore.nix",
        "rev": "9e80c4d83026fa6548bc53b1a6fab8549a6991f6",
        "type": "github"
      },
      "original": {
        "owner": "hercules-ci",
        "repo": "gitignore.nix",
        "type": "github"
      }
    },
    "gitignore-nix": {
      "flake": false,
      "locked": {
        "lastModified": 1611672876,
        "narHash": "sha256-qHu3uZ/o9jBHiA3MEKHJ06k7w4heOhA+4HCSIvflRxo=",
        "owner": "hercules-ci",
        "repo": "gitignore.nix",
        "rev": "211907489e9f198594c0eb0ca9256a1949c9d412",
        "type": "github"
      },
      "original": {
        "owner": "hercules-ci",
        "repo": "gitignore.nix",
        "type": "github"
      }
    },
    "hackage-nix": {
      "flake": false,
      "locked": {
        "lastModified": 1649726070,
        "narHash": "sha256-vG/6vsU+UnUfA6BU/91rUJx5mDyz/Cp1SXphDTK9hCI=",
        "owner": "input-output-hk",
        "repo": "hackage.nix",
        "rev": "f36ccb146faecba563bd3f360869ced55b789f57",
        "type": "github"
      },
      "original": {
        "owner": "input-output-hk",
        "repo": "hackage.nix",
        "type": "github"
      }
    },
    "haskell-language-server": {
      "flake": false,
      "locked": {
        "lastModified": 1627623934,
        "narHash": "sha256-RjPRzpcfL2UNGp2IYEh3rIrBeSnpdafdJhMAvrtXrbA=",
        "owner": "haskell",
        "repo": "haskell-language-server",
        "rev": "e7c5e90b6df5dff2760d76169eddaea3bdd6a831",
        "type": "github"
      },
      "original": {
        "owner": "haskell",
        "ref": "1.3.0",
        "repo": "haskell-language-server",
        "type": "github"
      }
    },
    "haskell-nix": {
      "flake": false,
      "locked": {
        "lastModified": 1649730942,
        "narHash": "sha256-pV/njieG1tJTsvKEk3Y2dHa46dDBADkfLwrFbb817/s=",
        "owner": "input-output-hk",
        "repo": "haskell.nix",
        "rev": "8a32c395cbebd9c341b18dd4e64030e145f8d593",
        "type": "github"
      },
      "original": {
        "owner": "input-output-hk",
        "repo": "haskell.nix",
        "type": "github"
      }
    },
    "iohk-nix": {
      "flake": false,
      "locked": {
        "lastModified": 1649981543,
        "narHash": "sha256-g2HWd6+odqUj4Xdb1wipow5F7A21fmuNTXm5NWlU9wk=",
        "owner": "input-output-hk",
        "repo": "iohk-nix",
        "rev": "3b90a1bd7472eb39fd4eba83832310718df58dc4",
        "type": "github"
      },
      "original": {
        "owner": "input-output-hk",
        "ref": "marlowe-dev-testnet",
        "repo": "iohk-nix",
        "type": "github"
      }
    },
    "naersk": {
      "inputs": {
        "nixpkgs": "nixpkgs_5"
      },
      "locked": {
        "lastModified": 1629707199,
        "narHash": "sha256-sGxlmfp5eXL5sAMNqHSb04Zq6gPl+JeltIZ226OYN0w=",
        "owner": "nmattia",
        "repo": "naersk",
        "rev": "df71f5e4babda41cd919a8684b72218e2e809fa9",
        "type": "github"
      },
      "original": {
        "owner": "nmattia",
        "repo": "naersk",
        "type": "github"
      }
    },
    "nixpkgs": {
      "flake": false,
      "locked": {
        "lastModified": 1628785280,
        "narHash": "sha256-2B5eMrEr6O8ff2aQNeVxTB+9WrGE80OB4+oM6T7fOcc=",
        "owner": "NixOS",
        "repo": "nixpkgs",
        "rev": "6525bbc06a39f26750ad8ee0d40000ddfdc24acb",
        "type": "github"
      },
      "original": {
        "owner": "NixOS",
        "ref": "nixpkgs-unstable",
        "repo": "nixpkgs",
        "type": "github"
      }
    },
    "nixpkgs_2": {
      "locked": {
        "lastModified": 1643119265,
        "narHash": "sha256-mmDEctIkHSWcC/HRpeaw6QOe+DbNOSzc0wsXAHOZWwo=",
        "owner": "NixOS",
        "repo": "nixpkgs",
        "rev": "b05d2077ebe219f6a47825767f8bab5c6211d200",
        "type": "github"
      },
      "original": {
        "id": "nixpkgs",
        "type": "indirect"
      }
    },
    "nixpkgs_3": {
      "locked": {
        "lastModified": 1634301554,
        "narHash": "sha256-yx2NECo6Jrx8mpvEyeeUb98jxlKXeADdqbWkD05LikE=",
        "owner": "NixOS",
        "repo": "nixpkgs",
        "rev": "7ee297f96d0a1c5008e00015d4f28280545c04eb",
        "type": "github"
      },
      "original": {
        "id": "nixpkgs",
        "type": "indirect"
      }
    },
    "nixpkgs_4": {
      "locked": {
        "lastModified": 1643119265,
        "narHash": "sha256-mmDEctIkHSWcC/HRpeaw6QOe+DbNOSzc0wsXAHOZWwo=",
        "owner": "NixOS",
        "repo": "nixpkgs",
        "rev": "b05d2077ebe219f6a47825767f8bab5c6211d200",
        "type": "github"
      },
      "original": {
        "id": "nixpkgs",
        "type": "indirect"
      }
    },
    "nixpkgs_5": {
      "locked": {
        "lastModified": 1643119265,
        "narHash": "sha256-mmDEctIkHSWcC/HRpeaw6QOe+DbNOSzc0wsXAHOZWwo=",
        "owner": "NixOS",
        "repo": "nixpkgs",
        "rev": "b05d2077ebe219f6a47825767f8bab5c6211d200",
        "type": "github"
      },
      "original": {
        "id": "nixpkgs",
        "type": "indirect"
      }
    },
    "nixpkgs_6": {
      "locked": {
        "lastModified": 1642244250,
        "narHash": "sha256-vWpUEqQdVP4srj+/YLJRTN9vjpTs4je0cdWKXPbDItc=",
        "owner": "nixos",
        "repo": "nixpkgs",
        "rev": "0fd9ee1aa36ce865ad273f4f07fdc093adeb5c00",
        "type": "github"
      },
      "original": {
        "owner": "nixos",
        "ref": "nixos-21.05",
        "repo": "nixpkgs",
        "type": "github"
      }
    },
    "npmlock2nix": {
      "flake": false,
      "locked": {
        "lastModified": 1628944002,
        "narHash": "sha256-eRTG5eWjFN6i0CIPbt5XSeYjvIJ3nsmuS/5ggCVAMXg=",
        "owner": "tweag",
        "repo": "npmlock2nix",
        "rev": "bf6515b9614645429e1f1846ce07c31f5879e45f",
        "type": "github"
      },
      "original": {
        "owner": "tweag",
        "repo": "npmlock2nix",
        "type": "github"
      }
    },
    "plutus-apps": {
      "flake": false,
      "locked": {
        "lastModified": 1650639146,
        "narHash": "sha256-BkousDlOZ7WnJJm9A98MKMD7YzBESjY0scm9Nc/4ZAE=",
        "owner": "input-output-hk",
        "repo": "plutus-apps",
        "rev": "682977c8c9fe181a0dc066ac2b40a4b1c1b5072c",
        "type": "github"
      },
      "original": {
        "owner": "input-output-hk",
        "repo": "plutus-apps",
        "rev": "682977c8c9fe181a0dc066ac2b40a4b1c1b5072c",
        "type": "github"
      }
    },
    "plutus-core": {
      "flake": false,
      "locked": {
        "lastModified": 1636924888,
        "narHash": "sha256-80ReuqPGaZrg6GnvyaG/f2Qn6GheCK9RvYQ63+i/6Ak=",
        "owner": "input-output-hk",
        "repo": "plutus",
        "rev": "2721c59fd2302b75c4138456c29fd5b509e8340a",
        "type": "github"
      },
      "original": {
        "owner": "input-output-hk",
        "repo": "plutus",
        "type": "github"
      }
    },
    "pre-commit-hooks": {
      "inputs": {
        "flake-utils": "flake-utils_3",
        "nixpkgs": "nixpkgs_4"
      },
      "locked": {
        "lastModified": 1634595438,
        "narHash": "sha256-hV9D41fqTateTligwNd9dmJKQ0R0w6RpCN92xR3LhHk=",
        "owner": "cachix",
        "repo": "pre-commit-hooks.nix",
        "rev": "06fa80325b6fe3b28d136071dd0ce55d4817e9fd",
        "type": "github"
      },
      "original": {
        "owner": "cachix",
        "repo": "pre-commit-hooks.nix",
        "type": "github"
      }
    },
    "pre-commit-hooks-nix": {
      "flake": false,
      "locked": {
        "lastModified": 1624971177,
        "narHash": "sha256-Amf/nBj1E77RmbSSmV+hg6YOpR+rddCbbVgo5C7BS0I=",
        "owner": "cachix",
        "repo": "pre-commit-hooks.nix",
        "rev": "397f0713d007250a2c7a745e555fa16c5dc8cadb",
        "type": "github"
      },
      "original": {
        "owner": "cachix",
        "repo": "pre-commit-hooks.nix",
        "type": "github"
      }
    },
    "rnix-lsp": {
      "inputs": {
        "naersk": "naersk",
        "nixpkgs": "nixpkgs_6",
        "utils": "utils"
      },
      "locked": {
        "lastModified": 1634449716,
        "narHash": "sha256-JuRCU4KCIA3/pp8BjHqqF9dj1d2xtpkxKKAtSuOzTIY=",
        "owner": "nix-community",
        "repo": "rnix-lsp",
        "rev": "a2d06d2d2910cbe35b4f323a54ef484f51d71e20",
        "type": "github"
      },
      "original": {
        "owner": "nix-community",
        "repo": "rnix-lsp",
        "type": "github"
      }
    },
    "root": {
      "inputs": {
        "actus-tests": "actus-tests",
        "cardano-repo-tool": "cardano-repo-tool",
        "easy-purescript-nix": "easy-purescript-nix",
        "flake-utils": "flake-utils",
        "gitignore-nix": "gitignore-nix",
        "hackage-nix": "hackage-nix",
        "haskell-language-server": "haskell-language-server",
        "haskell-nix": "haskell-nix",
        "iohk-nix": "iohk-nix",
        "nixpkgs": "nixpkgs",
        "npmlock2nix": "npmlock2nix",
        "plutus-apps": "plutus-apps",
        "plutus-core": "plutus-core",
        "pre-commit-hooks-nix": "pre-commit-hooks-nix",
        "sphinxcontrib-haddock": "sphinxcontrib-haddock",
        "stackage-nix": "stackage-nix",
        "web-common": "web-common"
      }
    },
    "sphinxcontrib-haddock": {
      "flake": false,
      "locked": {
        "lastModified": 1594136664,
        "narHash": "sha256-O9YT3iCUBHP3CEF88VDLLCO2HSP3HqkNA2q2939RnVY=",
        "owner": "michaelpj",
        "repo": "sphinxcontrib-haddock",
        "rev": "f3956b3256962b2d27d5a4e96edb7951acf5de34",
        "type": "github"
      },
      "original": {
        "owner": "michaelpj",
        "repo": "sphinxcontrib-haddock",
        "type": "github"
      }
    },
    "stackage-nix": {
      "flake": false,
      "locked": {
        "lastModified": 1643246130,
        "narHash": "sha256-Y8f2WPHMtj0P1ptpESaw6XjT7uIT0FXXJBb1L7qd8+Y=",
        "owner": "input-output-hk",
        "repo": "stackage.nix",
        "rev": "9dc4a0b35b0fd0a120f0cfd6a2bc7318a5251ec9",
        "type": "github"
      },
      "original": {
        "owner": "input-output-hk",
        "repo": "stackage.nix",
        "type": "github"
      }
    },
    "utils": {
      "locked": {
        "lastModified": 1629481132,
        "narHash": "sha256-JHgasjPR0/J1J3DRm4KxM4zTyAj4IOJY8vIl75v/kPI=",
        "owner": "numtide",
        "repo": "flake-utils",
        "rev": "997f7efcb746a9c140ce1f13c72263189225f482",
        "type": "github"
      },
      "original": {
        "owner": "numtide",
        "repo": "flake-utils",
        "type": "github"
      }
    },
    "web-common": {
      "inputs": {
        "easy-purescript-nix-source": "easy-purescript-nix-source",
        "flake-utils": "flake-utils_2",
        "gitignore": "gitignore",
        "nixpkgs": "nixpkgs_3",
        "pre-commit-hooks": "pre-commit-hooks",
        "rnix-lsp": "rnix-lsp"
      },
      "locked": {
        "lastModified": 1642002017,
        "narHash": "sha256-jya3jNTLR6WflV1r46UCsU2DY5vzyB5br4lgKYeN8M4=",
        "owner": "input-output-hk",
        "repo": "purescript-web-common",
        "rev": "ce0aa8a99e830b7c709612ecfae1c4095c9d7ecd",
        "type": "github"
      },
      "original": {
        "owner": "input-output-hk",
        "repo": "purescript-web-common",
        "type": "github"
      }
    }
  },
  "root": "root",
  "version": 7
}
