{
  "nodes": {
    "actus-tests": {
      "flake": false,
      "locked": {
        "lastModified": 1622458452,
        "narHash": "sha256-/Rwv1d2rOfAl3EFaUi6gj4df3xbL0e8Vc5AezqspnBg=",
        "owner": "actusfrf",
        "repo": "actus-tests",
        "rev": "acfaab81a2eac8334dda0ac01edff89f3271e4df",
        "type": "github"
      },
      "original": {
        "owner": "actusfrf",
        "repo": "actus-tests",
        "type": "github"
      }
    },
    "cardano-repo-tool": {
      "flake": false,
      "locked": {
        "lastModified": 1637051039,
        "narHash": "sha256-D8MPtuCXx3MHDBcxvJOmufKMjPh4p3y2jU8qPLPYdAE=",
        "owner": "input-output-hk",
        "repo": "cardano-repo-tool",
        "rev": "9059370f40c0f6a9b2faa8fd2305b2b7b581b3bf",
        "type": "github"
      },
      "original": {
        "owner": "input-output-hk",
        "repo": "cardano-repo-tool",
        "type": "github"
      }
    },
    "easy-purescript-nix": {
      "flake": false,
      "locked": {
        "lastModified": 1641236510,
        "narHash": "sha256-JEabdJ+3cZEYDVnzgMH/YFsaGtIBiCFcgvVO9XRgiY4=",
        "owner": "justinwoo",
        "repo": "easy-purescript-nix",
        "rev": "678070816270726e2f428da873fe3f2736201f42",
        "type": "github"
      },
      "original": {
        "owner": "justinwoo",
        "repo": "easy-purescript-nix",
        "type": "github"
      }
    },
    "easy-purescript-nix-source": {
      "flake": false,
      "locked": {
        "lastModified": 1631961521,
        "narHash": "sha256-1yPjUdOYzw1+UGFzBXbyZqEbsM6XZu/6+v8W35qFdLo=",
        "owner": "justinwoo",
        "repo": "easy-purescript-nix",
        "rev": "d9a37c75ed361372e1545f6efbc08d819b3c28c8",
        "type": "github"
      },
      "original": {
        "owner": "justinwoo",
        "repo": "easy-purescript-nix",
        "type": "github"
      }
    },
    "flake-utils": {
      "locked": {
        "lastModified": 1638122382,
        "narHash": "sha256-sQzZzAbvKEqN9s0bzWuYmRaA03v40gaJ4+iL1LXjaeI=",
        "owner": "numtide",
        "repo": "flake-utils",
        "rev": "74f7e4319258e287b0f9cb95426c9853b282730b",
        "type": "github"
      },
      "original": {
        "owner": "numtide",
        "repo": "flake-utils",
        "type": "github"
      }
    },
    "flake-utils_2": {
      "locked": {
        "lastModified": 1631561581,
        "narHash": "sha256-3VQMV5zvxaVLvqqUrNz3iJelLw30mIVSfZmAaauM3dA=",
        "owner": "numtide",
        "repo": "flake-utils",
        "rev": "7e5bf3925f6fbdfaf50a2a7ca0be2879c4261d19",
        "type": "github"
      },
      "original": {
        "owner": "numtide",
        "repo": "flake-utils",
        "type": "github"
      }
    },
    "flake-utils_3": {
      "locked": {
        "lastModified": 1619345332,
        "narHash": "sha256-qHnQkEp1uklKTpx3MvKtY6xzgcqXDsz5nLilbbuL+3A=",
        "owner": "numtide",
        "repo": "flake-utils",
        "rev": "2ebf2558e5bf978c7fb8ea927dfaed8fefab2e28",
        "type": "github"
      },
      "original": {
        "owner": "numtide",
        "repo": "flake-utils",
        "type": "github"
      }
    },
    "gitignore": {
      "inputs": {
        "nixpkgs": [
          "web-common",
          "nixpkgs"
        ]
      },
      "locked": {
        "lastModified": 1634151530,
        "narHash": "sha256-l1wnu/jSxhj6+MGurKupKkWZh3Om/6FuYc/FdSlkyRI=",
        "owner": "hercules-ci",
        "repo": "gitignore.nix",
        "rev": "9e80c4d83026fa6548bc53b1a6fab8549a6991f6",
        "type": "github"
      },
      "original": {
        "owner": "hercules-ci",
        "repo": "gitignore.nix",
        "type": "github"
      }
    },
    "gitignore-nix": {
      "flake": false,
      "locked": {
        "lastModified": 1635165013,
        "narHash": "sha256-o/BdVjNwcB6jOmzZjOH703BesSkkS5O7ej3xhyO8hAY=",
        "owner": "hercules-ci",
        "repo": "gitignore.nix",
        "rev": "5b9e0ff9d3b551234b4f3eb3983744fa354b17f1",
        "type": "github"
      },
      "original": {
        "owner": "hercules-ci",
        "repo": "gitignore.nix",
        "type": "github"
      }
    },
    "hackage-nix": {
      "flake": false,
      "locked": {
        "lastModified": 1641345189,
        "narHash": "sha256-nBUdDUicsvTH3Vj/qFANkoB2S86uWii9SjXNv3gZavk=",
        "owner": "input-output-hk",
        "repo": "hackage.nix",
        "rev": "1e5cf8d57ede51e257e4d02513dfa5a7eb55c0ae",
        "type": "github"
      },
      "original": {
        "owner": "input-output-hk",
        "repo": "hackage.nix",
        "type": "github"
      }
    },
    "haskell-language-server": {
      "flake": false,
      "locked": {
        "lastModified": 1627623934,
        "narHash": "sha256-RjPRzpcfL2UNGp2IYEh3rIrBeSnpdafdJhMAvrtXrbA=",
        "owner": "haskell",
        "repo": "haskell-language-server",
        "rev": "e7c5e90b6df5dff2760d76169eddaea3bdd6a831",
        "type": "github"
      },
      "original": {
        "owner": "haskell",
        "ref": "1.3.0",
        "repo": "haskell-language-server",
        "type": "github"
      }
    },
    "haskell-nix": {
      "flake": false,
      "locked": {
        "lastModified": 1641345336,
        "narHash": "sha256-tbcx/xt2NuKeXamDSnQZiPzraP7dIsxndfoQESngs/A=",
        "owner": "input-output-hk",
        "repo": "haskell.nix",
        "rev": "df363a0b30abbeb8b40a9223fe8ec224b4d6d358",
        "type": "github"
      },
      "original": {
        "owner": "input-output-hk",
        "repo": "haskell.nix",
        "rev": "df363a0b30abbeb8b40a9223fe8ec224b4d6d358",
        "type": "github"
      }
    },
    "iohk-nix": {
      "flake": false,
      "locked": {
        "lastModified": 1639647351,
        "narHash": "sha256-AFkgM3A0Pjue+pd9o8gizXOwdzrQbBeLWqOLEkcqa9I=",
        "owner": "input-output-hk",
        "repo": "iohk-nix",
        "rev": "57f8cc93630754eb6f576b587fd0697969a29c75",
        "type": "github"
      },
      "original": {
        "owner": "input-output-hk",
        "repo": "iohk-nix",
        "type": "github"
      }
    },
    "naersk": {
      "inputs": {
        "nixpkgs": "nixpkgs_3"
      },
      "locked": {
        "lastModified": 1629707199,
        "narHash": "sha256-sGxlmfp5eXL5sAMNqHSb04Zq6gPl+JeltIZ226OYN0w=",
        "owner": "nmattia",
        "repo": "naersk",
        "rev": "df71f5e4babda41cd919a8684b72218e2e809fa9",
        "type": "github"
      },
      "original": {
        "owner": "nmattia",
        "repo": "naersk",
        "type": "github"
      }
    },
    "nixpkgs": {
      "flake": false,
      "locked": {
        "lastModified": 1641341958,
        "narHash": "sha256-Hap6YDHNd438BqZC+Jag7Q9ALhHxSTxG3xYpcAw3Tb8=",
        "owner": "NixOS",
        "repo": "nixpkgs",
        "rev": "6b1102d94bac18d5e8d3907e5f71abf9b1766cea",
        "type": "github"
      },
      "original": {
        "owner": "NixOS",
        "ref": "nixpkgs-unstable",
        "repo": "nixpkgs",
        "type": "github"
      }
    },
    "nixpkgs_2": {
      "locked": {
        "lastModified": 1634301554,
        "narHash": "sha256-yx2NECo6Jrx8mpvEyeeUb98jxlKXeADdqbWkD05LikE=",
        "owner": "NixOS",
        "repo": "nixpkgs",
        "rev": "7ee297f96d0a1c5008e00015d4f28280545c04eb",
        "type": "github"
      },
      "original": {
        "id": "nixpkgs",
        "type": "indirect"
      }
    },
    "nixpkgs_3": {
      "locked": {
        "lastModified": 1641341958,
        "narHash": "sha256-Hap6YDHNd438BqZC+Jag7Q9ALhHxSTxG3xYpcAw3Tb8=",
        "owner": "NixOS",
        "repo": "nixpkgs",
        "rev": "6b1102d94bac18d5e8d3907e5f71abf9b1766cea",
        "type": "github"
      },
      "original": {
        "id": "nixpkgs",
        "type": "indirect"
      }
    },
    "npmlock2nix": {
      "flake": false,
      "locked": {
        "lastModified": 1640772164,
        "narHash": "sha256-4Y2WRueEWSBsxoYM4EvgGx4hl1ePFaA4od1cLl+1Cb0=",
        "owner": "tweag",
        "repo": "npmlock2nix",
        "rev": "7417a391e729593b37bb5a75147e4aea7c0a3df9",
        "type": "github"
      },
      "original": {
        "owner": "tweag",
        "repo": "npmlock2nix",
        "type": "github"
      }
    },
    "plutus-apps": {
      "flake": false,
      "locked": {
        "lastModified": 1641399513,
        "narHash": "sha256-pfrTkPImqZ3c8RWPyjjnvOXQGQBmVj8QfzVCmCoM+Jo=",
        "owner": "input-output-hk",
        "repo": "plutus-apps",
        "rev": "337fc398b8c80ea8b78cf819183d4dae808c8b1a",
        "type": "github"
      },
      "original": {
        "owner": "input-output-hk",
        "repo": "plutus-apps",
        "type": "github"
      }
    },
    "plutus-core": {
      "flake": false,
      "locked": {
        "lastModified": 1641389628,
        "narHash": "sha256-uu43acxP+7vTMrW/Oz+8ECioHbFBSGeTrbh5aWYfGBg=",
        "owner": "input-output-hk",
        "repo": "plutus",
        "rev": "418db6d3c8d02b07f4c03951ff80c87df6146436",
        "type": "github"
      },
      "original": {
        "owner": "input-output-hk",
        "repo": "plutus",
        "type": "github"
      }
    },
    "pre-commit-hooks": {
      "inputs": {
        "flake-utils": "flake-utils_3",
        "nixpkgs": [
          "web-common",
          "nixpkgs"
        ]
      },
      "locked": {
        "lastModified": 1634595438,
        "narHash": "sha256-hV9D41fqTateTligwNd9dmJKQ0R0w6RpCN92xR3LhHk=",
        "owner": "cachix",
        "repo": "pre-commit-hooks.nix",
        "rev": "06fa80325b6fe3b28d136071dd0ce55d4817e9fd",
        "type": "github"
      },
      "original": {
        "owner": "cachix",
        "repo": "pre-commit-hooks.nix",
        "type": "github"
      }
    },
    "pre-commit-hooks-nix": {
      "flake": false,
      "locked": {
        "lastModified": 1639823344,
        "narHash": "sha256-jlsQb2y6A5dB1R0wVPLOfDGM0wLyfYqEJNzMtXuzCXw=",
        "owner": "cachix",
        "repo": "pre-commit-hooks.nix",
        "rev": "ff9c0b459ddc4b79c06e19d44251daa8e9cd1746",
        "type": "github"
      },
      "original": {
        "owner": "cachix",
        "repo": "pre-commit-hooks.nix",
        "type": "github"
      }
    },
    "rnix-lsp": {
      "inputs": {
        "naersk": "naersk",
        "nixpkgs": [
          "web-common",
          "nixpkgs"
        ],
        "utils": "utils"
      },
      "locked": {
        "lastModified": 1634449716,
        "narHash": "sha256-JuRCU4KCIA3/pp8BjHqqF9dj1d2xtpkxKKAtSuOzTIY=",
        "owner": "nix-community",
        "repo": "rnix-lsp",
        "rev": "a2d06d2d2910cbe35b4f323a54ef484f51d71e20",
        "type": "github"
      },
      "original": {
        "owner": "nix-community",
        "repo": "rnix-lsp",
        "type": "github"
      }
    },
    "root": {
      "inputs": {
        "actus-tests": "actus-tests",
        "cardano-repo-tool": "cardano-repo-tool",
        "easy-purescript-nix": "easy-purescript-nix",
        "flake-utils": "flake-utils",
        "gitignore-nix": "gitignore-nix",
        "hackage-nix": "hackage-nix",
        "haskell-language-server": "haskell-language-server",
        "haskell-nix": "haskell-nix",
        "iohk-nix": "iohk-nix",
        "nixpkgs": "nixpkgs",
        "npmlock2nix": "npmlock2nix",
        "plutus-apps": "plutus-apps",
        "plutus-core": "plutus-core",
        "pre-commit-hooks-nix": "pre-commit-hooks-nix",
        "sphinxcontrib-haddock": "sphinxcontrib-haddock",
        "stackage-nix": "stackage-nix",
        "web-common": "web-common"
      }
    },
    "sphinxcontrib-haddock": {
      "flake": false,
      "locked": {
        "lastModified": 1594136664,
        "narHash": "sha256-O9YT3iCUBHP3CEF88VDLLCO2HSP3HqkNA2q2939RnVY=",
        "owner": "michaelpj",
        "repo": "sphinxcontrib-haddock",
        "rev": "f3956b3256962b2d27d5a4e96edb7951acf5de34",
        "type": "github"
      },
      "original": {
        "owner": "michaelpj",
        "repo": "sphinxcontrib-haddock",
        "type": "github"
      }
    },
    "stackage-nix": {
      "flake": false,
      "locked": {
        "lastModified": 1641258882,
        "narHash": "sha256-Q1np4pUFGk6gaM04iqD7d8Nf2YhMleBjg0u1JeN4aAc=",
        "owner": "input-output-hk",
        "repo": "stackage.nix",
        "rev": "2dbde3a8047b6e04f88ed3cfbdd78dca7dc62609",
        "type": "github"
      },
      "original": {
        "owner": "input-output-hk",
        "repo": "stackage.nix",
        "type": "github"
      }
    },
    "utils": {
      "locked": {
        "lastModified": 1629481132,
        "narHash": "sha256-JHgasjPR0/J1J3DRm4KxM4zTyAj4IOJY8vIl75v/kPI=",
        "owner": "numtide",
        "repo": "flake-utils",
        "rev": "997f7efcb746a9c140ce1f13c72263189225f482",
        "type": "github"
      },
      "original": {
        "owner": "numtide",
        "repo": "flake-utils",
        "type": "github"
      }
    },
    "web-common": {
      "inputs": {
        "easy-purescript-nix-source": "easy-purescript-nix-source",
        "flake-utils": "flake-utils_2",
        "gitignore": "gitignore",
        "nixpkgs": "nixpkgs_2",
        "pre-commit-hooks": "pre-commit-hooks",
        "rnix-lsp": "rnix-lsp"
      },
      "locked": {
        "lastModified": 1639586076,
        "narHash": "sha256-HL3Ikg/pvdLbWBy3QciKXfLXqY0QZ9v+ualqYicfXMo=",
        "owner": "input-output-hk",
        "repo": "purescript-web-common",
        "rev": "71be4b2b2788aecdcb568a957339de4e16d260d4",
        "type": "github"
      },
      "original": {
        "owner": "input-output-hk",
        "repo": "purescript-web-common",
        "type": "github"
      }
    }
  },
  "root": "root",
  "version": 7
}
